
Microsoft Visual Studio Solution File, Format Version 12.00
# Visual Studio 15
Project("{FAE04EC0-301F-11D3-BF4B-00C04F79EFBC}") = "UnityEngine.TestRunner", "UnityEngine.TestRunner.csproj", "{DB198CF6-780C-E837-5908-6BED8A857894}"
EndProject
Project("{FAE04EC0-301F-11D3-BF4B-00C04F79EFBC}") = "UnityEngine.UI", "UnityEngine.UI.csproj", "{A268762D-E457-431A-12FB-32CBE2F9F9AE}"
EndProject
Project("{FAE04EC0-301F-11D3-BF4B-00C04F79EFBC}") = "Unity.VisualScripting.Flow", "Unity.VisualScripting.Flow.csproj", "{17D5F363-C7C4-9474-96AA-DA6CFA1B99DE}"
EndProject
Project("{FAE04EC0-301F-11D3-BF4B-00C04F79EFBC}") = "Unity.Services.Core.Telemetry", "Unity.Services.Core.Telemetry.csproj", "{A26D775B-64B8-2177-218D-4BC46EB25F2F}"
EndProject
Project("{FAE04EC0-301F-11D3-BF4B-00C04F79EFBC}") = "Unity.VisualScripting.State", "Unity.VisualScripting.State.csproj", "{707A83AF-63C6-A12B-8E9E-B5639FAA6A80}"
EndProject
Project("{FAE04EC0-301F-11D3-BF4B-00C04F79EFBC}") = "Unity.VisualScripting.Core", "Unity.VisualScripting.Core.csproj", "{9864F95A-40AB-47DB-DA07-81B45BCAD804}"
EndProject
Project("{FAE04EC0-301F-11D3-BF4B-00C04F79EFBC}") = "Unity.Services.Core.Environments.Internal", "Unity.Services.Core.Environments.Internal.csproj", "{222B99BC-8A4B-37CD-DEC2-10D0065F00CB}"
EndProject
Project("{FAE04EC0-301F-11D3-BF4B-00C04F79EFBC}") = "Unity.TextMeshPro", "Unity.TextMeshPro.csproj", "{7134EAC2-3284-1DE3-CAD3-D952118A5665}"
EndProject
Project("{FAE04EC0-301F-11D3-BF4B-00C04F79EFBC}") = "Unity.Timeline", "Unity.Timeline.csproj", "{2A27B63E-96D3-1940-6E7F-DC7A0B5C31E8}"
EndProject
Project("{FAE04EC0-301F-11D3-BF4B-00C04F79EFBC}") = "Unity.Services.Core", "Unity.Services.Core.csproj", "{C94A7D5B-ADD0-8225-8B2A-B74319780104}"
EndProject
Project("{FAE04EC0-301F-11D3-BF4B-00C04F79EFBC}") = "Unity.Services.Core.Environments", "Unity.Services.Core.Environments.csproj", "{65CF13B4-1DA4-4D87-6AFE-80B9BF36E960}"
EndProject
Project("{FAE04EC0-301F-11D3-BF4B-00C04F79EFBC}") = "Unity.Services.Core.Internal", "Unity.Services.Core.Internal.csproj", "{4DABC201-4E1A-51EF-0983-6FA69E8EE94C}"
EndProject
Project("{FAE04EC0-301F-11D3-BF4B-00C04F79EFBC}") = "Unity.Services.Core.Analytics", "Unity.Services.Core.Analytics.csproj", "{0D5DE8A4-96AE-1782-B1D7-5FB09C07883E}"
EndProject
Project("{FAE04EC0-301F-11D3-BF4B-00C04F79EFBC}") = "Assembly-CSharp", "Assembly-CSharp.csproj", "{CFB8AFEE-4BDC-AFD7-5821-58397BFB9025}"
EndProject
Project("{FAE04EC0-301F-11D3-BF4B-00C04F79EFBC}") = "Unity.Services.Core.Scheduler", "Unity.Services.Core.Scheduler.csproj", "{7755FD84-5A08-47DB-F839-988362C0B59D}"
EndProject
Project("{FAE04EC0-301F-11D3-BF4B-00C04F79EFBC}") = "Unity.Services.Core.Registration", "Unity.Services.Core.Registration.csproj", "{BF11806C-DA1B-2CC6-F336-41246008A297}"
EndProject
Project("{FAE04EC0-301F-11D3-BF4B-00C04F79EFBC}") = "Unity.Services.Core.Device", "Unity.Services.Core.Device.csproj", "{705E1185-2A7B-9C2A-0711-9CFA2B1A5926}"
EndProject
Project("{FAE04EC0-301F-11D3-BF4B-00C04F79EFBC}") = "Unity.Services.Core.Threading", "Unity.Services.Core.Threading.csproj", "{B6592366-E6BE-1C84-B69A-036858EC39CB}"
EndProject
Project("{FAE04EC0-301F-11D3-BF4B-00C04F79EFBC}") = "Unity.Services.Core.Networking", "Unity.Services.Core.Networking.csproj", "{2EE03DD1-D413-E86C-D82F-38D2E3AFA3D7}"
EndProject
Project("{FAE04EC0-301F-11D3-BF4B-00C04F79EFBC}") = "Unity.Recorder", "Unity.Recorder.csproj", "{840297EE-2FDB-21B4-ECB9-D1E3B527F916}"
EndProject
Project("{FAE04EC0-301F-11D3-BF4B-00C04F79EFBC}") = "Unity.Recorder.Base", "Unity.Recorder.Base.csproj", "{78C6161F-398A-4111-F3C8-850A26973559}"
EndProject
Project("{FAE04EC0-301F-11D3-BF4B-00C04F79EFBC}") = "Unity.Services.Core.Configuration", "Unity.Services.Core.Configuration.csproj", "{254BA2FC-4760-B2D0-A821-BE50917C391B}"
EndProject
Project("{FAE04EC0-301F-11D3-BF4B-00C04F79EFBC}") = "Unity.PlasticSCM.Editor", "Unity.PlasticSCM.Editor.csproj", "{847648EC-210B-235F-F603-C88E6010E311}"
EndProject
Project("{FAE04EC0-301F-11D3-BF4B-00C04F79EFBC}") = "Unity.VisualScripting.Core.Editor", "Unity.VisualScripting.Core.Editor.csproj", "{7C32EB89-A0B8-1153-66F1-A9854BF76478}"
EndProject
Project("{FAE04EC0-301F-11D3-BF4B-00C04F79EFBC}") = "Unity.VisualScripting.Flow.Editor", "Unity.VisualScripting.Flow.Editor.csproj", "{66079356-8613-298E-B7B2-3D37F96EFC2B}"
EndProject
Project("{FAE04EC0-301F-11D3-BF4B-00C04F79EFBC}") = "Unity.VisualStudio.Editor", "Unity.VisualStudio.Editor.csproj", "{29C55147-F960-018F-2D79-A29E0564D60B}"
EndProject
Project("{FAE04EC0-301F-11D3-BF4B-00C04F79EFBC}") = "Unity.Timeline.Editor", "Unity.Timeline.Editor.csproj", "{618D4F72-7525-AF50-113A-E6654340134E}"
EndProject
Project("{FAE04EC0-301F-11D3-BF4B-00C04F79EFBC}") = "Unity.Recorder.Editor", "Unity.Recorder.Editor.csproj", "{F8DBC232-CF56-AF69-FE30-16A427013BEC}"
EndProject
Project("{FAE04EC0-301F-11D3-BF4B-00C04F79EFBC}") = "Unity.VisualScripting.State.Editor", "Unity.VisualScripting.State.Editor.csproj", "{7CAF8967-0BA2-E14F-3746-997B9C07976D}"
EndProject
Project("{FAE04EC0-301F-11D3-BF4B-00C04F79EFBC}") = "Unity.TextMeshPro.Editor", "Unity.TextMeshPro.Editor.csproj", "{3BCAE46D-F585-26B0-E964-5C8FDE483482}"
EndProject
Project("{FAE04EC0-301F-11D3-BF4B-00C04F79EFBC}") = "Unity.VisualScripting.SettingsProvider.Editor", "Unity.VisualScripting.SettingsProvider.Editor.csproj", "{81F07628-A1B2-C4C0-4189-F99C1771FE30}"
EndProject
Project("{FAE04EC0-301F-11D3-BF4B-00C04F79EFBC}") = "Unity.CollabProxy.Editor", "Unity.CollabProxy.Editor.csproj", "{587BCDC6-4EF8-448D-169C-5940435B0847}"
EndProject
Project("{FAE04EC0-301F-11D3-BF4B-00C04F79EFBC}") = "UnityEditor.TestRunner", "UnityEditor.TestRunner.csproj", "{EA8F59E7-6271-2B36-4F79-6A86A1734C8E}"
EndProject
Project("{FAE04EC0-301F-11D3-BF4B-00C04F79EFBC}") = "Unity.Services.Core.Editor", "Unity.Services.Core.Editor.csproj", "{92986D87-2C5F-4767-5EE1-AA7C258D9B50}"
EndProject
Project("{FAE04EC0-301F-11D3-BF4B-00C04F79EFBC}") = "Unity.TestTools.CodeCoverage.Editor", "Unity.TestTools.CodeCoverage.Editor.csproj", "{C4E1A3D7-9180-B0B2-5B92-67BFA748ADEF}"
EndProject
Project("{FAE04EC0-301F-11D3-BF4B-00C04F79EFBC}") = "Unity.Rider.Editor", "Unity.Rider.Editor.csproj", "{7C08E756-0990-282E-D9ED-5126A20E5EBF}"
EndProject
Project("{FAE04EC0-301F-11D3-BF4B-00C04F79EFBC}") = "Unity.Performance.Profile-Analyzer.Editor", "Unity.Performance.Profile-Analyzer.Editor.csproj", "{53E88BA5-0A7D-31BF-8C49-88D99E76B2C0}"
EndProject
Project("{FAE04EC0-301F-11D3-BF4B-00C04F79EFBC}") = "Unity.VSCode.Editor", "Unity.VSCode.Editor.csproj", "{CE356DE3-01A0-8FAE-2073-E0AFA1CDBA9B}"
EndProject
Project("{FAE04EC0-301F-11D3-BF4B-00C04F79EFBC}") = "UnityEditor.UI", "UnityEditor.UI.csproj", "{1D43B656-DDA2-C82F-B469-8FB632B22E09}"
EndProject
Project("{FAE04EC0-301F-11D3-BF4B-00C04F79EFBC}") = "Unity.TestTools.CodeCoverage.Editor.OpenCover.Model", "Unity.TestTools.CodeCoverage.Editor.OpenCover.Model.csproj", "{7B67CC7A-AF73-C589-8419-8599B29BCEC7}"
EndProject
Project("{FAE04EC0-301F-11D3-BF4B-00C04F79EFBC}") = "Unity.EditorCoroutines.Editor", "Unity.EditorCoroutines.Editor.csproj", "{E8E60BD5-A2B8-C1C4-0639-497D597993CE}"
EndProject
Project("{FAE04EC0-301F-11D3-BF4B-00C04F79EFBC}") = "Unity.Settings.Editor", "Unity.Settings.Editor.csproj", "{F9142018-34B7-6CA1-8B10-1CDB1B3C4345}"
EndProject
Project("{FAE04EC0-301F-11D3-BF4B-00C04F79EFBC}") = "Unity.Services.Core.Configuration.Editor", "Unity.Services.Core.Configuration.Editor.csproj", "{9CF4D3EC-78A4-50F5-7A0E-2F92D3DA2282}"
EndProject
Project("{FAE04EC0-301F-11D3-BF4B-00C04F79EFBC}") = "Unity.TestTools.CodeCoverage.Editor.OpenCover.Mono.Reflection", "Unity.TestTools.CodeCoverage.Editor.OpenCover.Mono.Reflection.csproj", "{E1388F10-32CD-EC09-26DA-3191F634F48B}"
EndProject
Project("{FAE04EC0-301F-11D3-BF4B-00C04F79EFBC}") = "Unity.VisualScripting.Shared.Editor", "Unity.VisualScripting.Shared.Editor.csproj", "{992EF556-DC9F-1A23-4721-3521632FA109}"
EndProject
Project("{FAE04EC0-301F-11D3-BF4B-00C04F79EFBC}") = "UnityEngine.TestRunner", "UnityEngine.TestRunner.Player.csproj", "{6882A8C5-1309-89CC-B00C-D8EF7B2580F9}"
EndProject
Project("{FAE04EC0-301F-11D3-BF4B-00C04F79EFBC}") = "UnityEngine.UI", "UnityEngine.UI.Player.csproj", "{09914110-DFF6-DE61-93CA-5B51BFF01DE1}"
EndProject
Project("{FAE04EC0-301F-11D3-BF4B-00C04F79EFBC}") = "Unity.VisualScripting.Flow", "Unity.VisualScripting.Flow.Player.csproj", "{0D3AC0A8-2F06-07E7-182D-5A1BBBFC19F4}"
EndProject
Project("{FAE04EC0-301F-11D3-BF4B-00C04F79EFBC}") = "Unity.Services.Core.Telemetry", "Unity.Services.Core.Telemetry.Player.csproj", "{40067262-AF64-C8B3-7F89-C9843DFE352F}"
EndProject
Project("{FAE04EC0-301F-11D3-BF4B-00C04F79EFBC}") = "Unity.VisualScripting.State", "Unity.VisualScripting.State.Player.csproj", "{BE592E44-26E9-8B7A-0A55-5F45C2DA2873}"
EndProject
Project("{FAE04EC0-301F-11D3-BF4B-00C04F79EFBC}") = "Unity.VisualScripting.Core", "Unity.VisualScripting.Core.Player.csproj", "{B7CCB1A7-139A-1A37-1822-C91A136860D9}"
EndProject
Project("{FAE04EC0-301F-11D3-BF4B-00C04F79EFBC}") = "Unity.Services.Core.Environments.Internal", "Unity.Services.Core.Environments.Internal.Player.csproj", "{AC9355B0-05BA-A15C-5003-EBAD0B853B2C}"
EndProject
Project("{FAE04EC0-301F-11D3-BF4B-00C04F79EFBC}") = "Unity.TextMeshPro", "Unity.TextMeshPro.Player.csproj", "{ECF6D891-0F6F-C7E1-E2B7-882A67F70DD7}"
EndProject
Project("{FAE04EC0-301F-11D3-BF4B-00C04F79EFBC}") = "Unity.Timeline", "Unity.Timeline.Player.csproj", "{B5D1E584-452F-5A7B-F1E0-7C86F14DC5E1}"
EndProject
Project("{FAE04EC0-301F-11D3-BF4B-00C04F79EFBC}") = "Unity.Services.Core", "Unity.Services.Core.Player.csproj", "{7D4D2A0F-F39E-EE13-047E-791CD714C52D}"
EndProject
Project("{FAE04EC0-301F-11D3-BF4B-00C04F79EFBC}") = "Unity.Services.Core.Environments", "Unity.Services.Core.Environments.Player.csproj", "{DE78BB1C-A343-2BBC-14AD-42051E128596}"
EndProject
Project("{FAE04EC0-301F-11D3-BF4B-00C04F79EFBC}") = "Unity.Services.Core.Internal", "Unity.Services.Core.Internal.Player.csproj", "{478507F0-3874-9E3F-BED6-707B226B03C7}"
EndProject
Project("{FAE04EC0-301F-11D3-BF4B-00C04F79EFBC}") = "Unity.Services.Core.Analytics", "Unity.Services.Core.Analytics.Player.csproj", "{50062736-B967-846F-7ADB-58B9A28D90A9}"
EndProject
Project("{FAE04EC0-301F-11D3-BF4B-00C04F79EFBC}") = "Assembly-CSharp", "Assembly-CSharp.Player.csproj", "{397F23F6-9539-EFEC-33E8-03CEEFCA56C4}"
EndProject
Project("{FAE04EC0-301F-11D3-BF4B-00C04F79EFBC}") = "Unity.Services.Core.Scheduler", "Unity.Services.Core.Scheduler.Player.csproj", "{056242B5-8BA1-170E-5B87-F4E8BC56E248}"
EndProject
Project("{FAE04EC0-301F-11D3-BF4B-00C04F79EFBC}") = "Unity.Services.Core.Registration", "Unity.Services.Core.Registration.Player.csproj", "{BF11B6DB-782E-64EE-4F62-676CD37FA316}"
EndProject
Project("{FAE04EC0-301F-11D3-BF4B-00C04F79EFBC}") = "Unity.Services.Core.Device", "Unity.Services.Core.Device.Player.csproj", "{D6D90929-4372-75DA-4A36-D19A674BF9B5}"
EndProject
Project("{FAE04EC0-301F-11D3-BF4B-00C04F79EFBC}") = "Unity.Services.Core.Threading", "Unity.Services.Core.Threading.Player.csproj", "{D1C39636-6A38-6951-3A7B-86927BDC02B6}"
EndProject
Project("{FAE04EC0-301F-11D3-BF4B-00C04F79EFBC}") = "Unity.Services.Core.Networking", "Unity.Services.Core.Networking.Player.csproj", "{88F448AE-DED5-EE62-7D2E-366C58345D36}"
EndProject
Project("{FAE04EC0-301F-11D3-BF4B-00C04F79EFBC}") = "Unity.Recorder", "Unity.Recorder.Player.csproj", "{80D52535-6D69-5D8F-4C04-D7EC94119C10}"
EndProject
Project("{FAE04EC0-301F-11D3-BF4B-00C04F79EFBC}") = "Unity.Recorder.Base", "Unity.Recorder.Base.Player.csproj", "{DC562995-A385-7209-8BAF-5FBD32682EBB}"
EndProject
Project("{FAE04EC0-301F-11D3-BF4B-00C04F79EFBC}") = "Unity.Services.Core.Configuration", "Unity.Services.Core.Configuration.Player.csproj", "{0DDD2B3B-0186-DDB9-DBBC-7C2AA5ADC7EA}"
EndProject
Global
	GlobalSection(SolutionConfigurationPlatforms) = preSolution
		Debug|Any CPU = Debug|Any CPU
		Release|Any CPU = Release|Any CPU
	EndGlobalSection
	GlobalSection(ProjectConfigurationPlatforms) = postSolution
		{DB198CF6-780C-E837-5908-6BED8A857894}.Debug|Any CPU.ActiveCfg = Debug|Any CPU
		{DB198CF6-780C-E837-5908-6BED8A857894}.Debug|Any CPU.Build.0 = Debug|Any CPU
		{DB198CF6-780C-E837-5908-6BED8A857894}.Release|Any CPU.ActiveCfg = Release|Any CPU
		{DB198CF6-780C-E837-5908-6BED8A857894}.Release|Any CPU.Build.0 = Release|Any CPU
		{A268762D-E457-431A-12FB-32CBE2F9F9AE}.Debug|Any CPU.ActiveCfg = Debug|Any CPU
		{A268762D-E457-431A-12FB-32CBE2F9F9AE}.Debug|Any CPU.Build.0 = Debug|Any CPU
		{A268762D-E457-431A-12FB-32CBE2F9F9AE}.Release|Any CPU.ActiveCfg = Release|Any CPU
		{A268762D-E457-431A-12FB-32CBE2F9F9AE}.Release|Any CPU.Build.0 = Release|Any CPU
		{17D5F363-C7C4-9474-96AA-DA6CFA1B99DE}.Debug|Any CPU.ActiveCfg = Debug|Any CPU
		{17D5F363-C7C4-9474-96AA-DA6CFA1B99DE}.Debug|Any CPU.Build.0 = Debug|Any CPU
		{17D5F363-C7C4-9474-96AA-DA6CFA1B99DE}.Release|Any CPU.ActiveCfg = Release|Any CPU
		{17D5F363-C7C4-9474-96AA-DA6CFA1B99DE}.Release|Any CPU.Build.0 = Release|Any CPU
		{A26D775B-64B8-2177-218D-4BC46EB25F2F}.Debug|Any CPU.ActiveCfg = Debug|Any CPU
		{A26D775B-64B8-2177-218D-4BC46EB25F2F}.Debug|Any CPU.Build.0 = Debug|Any CPU
		{A26D775B-64B8-2177-218D-4BC46EB25F2F}.Release|Any CPU.ActiveCfg = Release|Any CPU
		{A26D775B-64B8-2177-218D-4BC46EB25F2F}.Release|Any CPU.Build.0 = Release|Any CPU
		{707A83AF-63C6-A12B-8E9E-B5639FAA6A80}.Debug|Any CPU.ActiveCfg = Debug|Any CPU
		{707A83AF-63C6-A12B-8E9E-B5639FAA6A80}.Debug|Any CPU.Build.0 = Debug|Any CPU
		{707A83AF-63C6-A12B-8E9E-B5639FAA6A80}.Release|Any CPU.ActiveCfg = Release|Any CPU
		{707A83AF-63C6-A12B-8E9E-B5639FAA6A80}.Release|Any CPU.Build.0 = Release|Any CPU
		{9864F95A-40AB-47DB-DA07-81B45BCAD804}.Debug|Any CPU.ActiveCfg = Debug|Any CPU
		{9864F95A-40AB-47DB-DA07-81B45BCAD804}.Debug|Any CPU.Build.0 = Debug|Any CPU
		{9864F95A-40AB-47DB-DA07-81B45BCAD804}.Release|Any CPU.ActiveCfg = Release|Any CPU
		{9864F95A-40AB-47DB-DA07-81B45BCAD804}.Release|Any CPU.Build.0 = Release|Any CPU
		{222B99BC-8A4B-37CD-DEC2-10D0065F00CB}.Debug|Any CPU.ActiveCfg = Debug|Any CPU
		{222B99BC-8A4B-37CD-DEC2-10D0065F00CB}.Debug|Any CPU.Build.0 = Debug|Any CPU
		{222B99BC-8A4B-37CD-DEC2-10D0065F00CB}.Release|Any CPU.ActiveCfg = Release|Any CPU
		{222B99BC-8A4B-37CD-DEC2-10D0065F00CB}.Release|Any CPU.Build.0 = Release|Any CPU
		{7134EAC2-3284-1DE3-CAD3-D952118A5665}.Debug|Any CPU.ActiveCfg = Debug|Any CPU
		{7134EAC2-3284-1DE3-CAD3-D952118A5665}.Debug|Any CPU.Build.0 = Debug|Any CPU
		{7134EAC2-3284-1DE3-CAD3-D952118A5665}.Release|Any CPU.ActiveCfg = Release|Any CPU
		{7134EAC2-3284-1DE3-CAD3-D952118A5665}.Release|Any CPU.Build.0 = Release|Any CPU
		{2A27B63E-96D3-1940-6E7F-DC7A0B5C31E8}.Debug|Any CPU.ActiveCfg = Debug|Any CPU
		{2A27B63E-96D3-1940-6E7F-DC7A0B5C31E8}.Debug|Any CPU.Build.0 = Debug|Any CPU
		{2A27B63E-96D3-1940-6E7F-DC7A0B5C31E8}.Release|Any CPU.ActiveCfg = Release|Any CPU
		{2A27B63E-96D3-1940-6E7F-DC7A0B5C31E8}.Release|Any CPU.Build.0 = Release|Any CPU
		{C94A7D5B-ADD0-8225-8B2A-B74319780104}.Debug|Any CPU.ActiveCfg = Debug|Any CPU
		{C94A7D5B-ADD0-8225-8B2A-B74319780104}.Debug|Any CPU.Build.0 = Debug|Any CPU
		{C94A7D5B-ADD0-8225-8B2A-B74319780104}.Release|Any CPU.ActiveCfg = Release|Any CPU
		{C94A7D5B-ADD0-8225-8B2A-B74319780104}.Release|Any CPU.Build.0 = Release|Any CPU
		{65CF13B4-1DA4-4D87-6AFE-80B9BF36E960}.Debug|Any CPU.ActiveCfg = Debug|Any CPU
		{65CF13B4-1DA4-4D87-6AFE-80B9BF36E960}.Debug|Any CPU.Build.0 = Debug|Any CPU
		{65CF13B4-1DA4-4D87-6AFE-80B9BF36E960}.Release|Any CPU.ActiveCfg = Release|Any CPU
		{65CF13B4-1DA4-4D87-6AFE-80B9BF36E960}.Release|Any CPU.Build.0 = Release|Any CPU
		{4DABC201-4E1A-51EF-0983-6FA69E8EE94C}.Debug|Any CPU.ActiveCfg = Debug|Any CPU
		{4DABC201-4E1A-51EF-0983-6FA69E8EE94C}.Debug|Any CPU.Build.0 = Debug|Any CPU
		{4DABC201-4E1A-51EF-0983-6FA69E8EE94C}.Release|Any CPU.ActiveCfg = Release|Any CPU
		{4DABC201-4E1A-51EF-0983-6FA69E8EE94C}.Release|Any CPU.Build.0 = Release|Any CPU
		{0D5DE8A4-96AE-1782-B1D7-5FB09C07883E}.Debug|Any CPU.ActiveCfg = Debug|Any CPU
		{0D5DE8A4-96AE-1782-B1D7-5FB09C07883E}.Debug|Any CPU.Build.0 = Debug|Any CPU
		{0D5DE8A4-96AE-1782-B1D7-5FB09C07883E}.Release|Any CPU.ActiveCfg = Release|Any CPU
		{0D5DE8A4-96AE-1782-B1D7-5FB09C07883E}.Release|Any CPU.Build.0 = Release|Any CPU
		{CFB8AFEE-4BDC-AFD7-5821-58397BFB9025}.Debug|Any CPU.ActiveCfg = Debug|Any CPU
		{CFB8AFEE-4BDC-AFD7-5821-58397BFB9025}.Debug|Any CPU.Build.0 = Debug|Any CPU
		{CFB8AFEE-4BDC-AFD7-5821-58397BFB9025}.Release|Any CPU.ActiveCfg = Release|Any CPU
		{CFB8AFEE-4BDC-AFD7-5821-58397BFB9025}.Release|Any CPU.Build.0 = Release|Any CPU
		{7755FD84-5A08-47DB-F839-988362C0B59D}.Debug|Any CPU.ActiveCfg = Debug|Any CPU
		{7755FD84-5A08-47DB-F839-988362C0B59D}.Debug|Any CPU.Build.0 = Debug|Any CPU
		{7755FD84-5A08-47DB-F839-988362C0B59D}.Release|Any CPU.ActiveCfg = Release|Any CPU
		{7755FD84-5A08-47DB-F839-988362C0B59D}.Release|Any CPU.Build.0 = Release|Any CPU
		{BF11806C-DA1B-2CC6-F336-41246008A297}.Debug|Any CPU.ActiveCfg = Debug|Any CPU
		{BF11806C-DA1B-2CC6-F336-41246008A297}.Debug|Any CPU.Build.0 = Debug|Any CPU
		{BF11806C-DA1B-2CC6-F336-41246008A297}.Release|Any CPU.ActiveCfg = Release|Any CPU
		{BF11806C-DA1B-2CC6-F336-41246008A297}.Release|Any CPU.Build.0 = Release|Any CPU
		{705E1185-2A7B-9C2A-0711-9CFA2B1A5926}.Debug|Any CPU.ActiveCfg = Debug|Any CPU
		{705E1185-2A7B-9C2A-0711-9CFA2B1A5926}.Debug|Any CPU.Build.0 = Debug|Any CPU
		{705E1185-2A7B-9C2A-0711-9CFA2B1A5926}.Release|Any CPU.ActiveCfg = Release|Any CPU
		{705E1185-2A7B-9C2A-0711-9CFA2B1A5926}.Release|Any CPU.Build.0 = Release|Any CPU
		{B6592366-E6BE-1C84-B69A-036858EC39CB}.Debug|Any CPU.ActiveCfg = Debug|Any CPU
		{B6592366-E6BE-1C84-B69A-036858EC39CB}.Debug|Any CPU.Build.0 = Debug|Any CPU
		{B6592366-E6BE-1C84-B69A-036858EC39CB}.Release|Any CPU.ActiveCfg = Release|Any CPU
		{B6592366-E6BE-1C84-B69A-036858EC39CB}.Release|Any CPU.Build.0 = Release|Any CPU
		{2EE03DD1-D413-E86C-D82F-38D2E3AFA3D7}.Debug|Any CPU.ActiveCfg = Debug|Any CPU
		{2EE03DD1-D413-E86C-D82F-38D2E3AFA3D7}.Debug|Any CPU.Build.0 = Debug|Any CPU
		{2EE03DD1-D413-E86C-D82F-38D2E3AFA3D7}.Release|Any CPU.ActiveCfg = Release|Any CPU
		{2EE03DD1-D413-E86C-D82F-38D2E3AFA3D7}.Release|Any CPU.Build.0 = Release|Any CPU
		{840297EE-2FDB-21B4-ECB9-D1E3B527F916}.Debug|Any CPU.ActiveCfg = Debug|Any CPU
		{840297EE-2FDB-21B4-ECB9-D1E3B527F916}.Debug|Any CPU.Build.0 = Debug|Any CPU
		{840297EE-2FDB-21B4-ECB9-D1E3B527F916}.Release|Any CPU.ActiveCfg = Release|Any CPU
		{840297EE-2FDB-21B4-ECB9-D1E3B527F916}.Release|Any CPU.Build.0 = Release|Any CPU
		{78C6161F-398A-4111-F3C8-850A26973559}.Debug|Any CPU.ActiveCfg = Debug|Any CPU
		{78C6161F-398A-4111-F3C8-850A26973559}.Debug|Any CPU.Build.0 = Debug|Any CPU
		{78C6161F-398A-4111-F3C8-850A26973559}.Release|Any CPU.ActiveCfg = Release|Any CPU
		{78C6161F-398A-4111-F3C8-850A26973559}.Release|Any CPU.Build.0 = Release|Any CPU
		{254BA2FC-4760-B2D0-A821-BE50917C391B}.Debug|Any CPU.ActiveCfg = Debug|Any CPU
		{254BA2FC-4760-B2D0-A821-BE50917C391B}.Debug|Any CPU.Build.0 = Debug|Any CPU
		{254BA2FC-4760-B2D0-A821-BE50917C391B}.Release|Any CPU.ActiveCfg = Release|Any CPU
		{254BA2FC-4760-B2D0-A821-BE50917C391B}.Release|Any CPU.Build.0 = Release|Any CPU
		{847648EC-210B-235F-F603-C88E6010E311}.Debug|Any CPU.ActiveCfg = Debug|Any CPU
		{847648EC-210B-235F-F603-C88E6010E311}.Debug|Any CPU.Build.0 = Debug|Any CPU
		{847648EC-210B-235F-F603-C88E6010E311}.Release|Any CPU.ActiveCfg = Release|Any CPU
		{847648EC-210B-235F-F603-C88E6010E311}.Release|Any CPU.Build.0 = Release|Any CPU
		{7C32EB89-A0B8-1153-66F1-A9854BF76478}.Debug|Any CPU.ActiveCfg = Debug|Any CPU
		{7C32EB89-A0B8-1153-66F1-A9854BF76478}.Debug|Any CPU.Build.0 = Debug|Any CPU
		{7C32EB89-A0B8-1153-66F1-A9854BF76478}.Release|Any CPU.ActiveCfg = Release|Any CPU
		{7C32EB89-A0B8-1153-66F1-A9854BF76478}.Release|Any CPU.Build.0 = Release|Any CPU
		{66079356-8613-298E-B7B2-3D37F96EFC2B}.Debug|Any CPU.ActiveCfg = Debug|Any CPU
		{66079356-8613-298E-B7B2-3D37F96EFC2B}.Debug|Any CPU.Build.0 = Debug|Any CPU
		{66079356-8613-298E-B7B2-3D37F96EFC2B}.Release|Any CPU.ActiveCfg = Release|Any CPU
		{66079356-8613-298E-B7B2-3D37F96EFC2B}.Release|Any CPU.Build.0 = Release|Any CPU
		{29C55147-F960-018F-2D79-A29E0564D60B}.Debug|Any CPU.ActiveCfg = Debug|Any CPU
		{29C55147-F960-018F-2D79-A29E0564D60B}.Debug|Any CPU.Build.0 = Debug|Any CPU
		{29C55147-F960-018F-2D79-A29E0564D60B}.Release|Any CPU.ActiveCfg = Release|Any CPU
		{29C55147-F960-018F-2D79-A29E0564D60B}.Release|Any CPU.Build.0 = Release|Any CPU
		{618D4F72-7525-AF50-113A-E6654340134E}.Debug|Any CPU.ActiveCfg = Debug|Any CPU
		{618D4F72-7525-AF50-113A-E6654340134E}.Debug|Any CPU.Build.0 = Debug|Any CPU
		{618D4F72-7525-AF50-113A-E6654340134E}.Release|Any CPU.ActiveCfg = Release|Any CPU
		{618D4F72-7525-AF50-113A-E6654340134E}.Release|Any CPU.Build.0 = Release|Any CPU
		{F8DBC232-CF56-AF69-FE30-16A427013BEC}.Debug|Any CPU.ActiveCfg = Debug|Any CPU
		{F8DBC232-CF56-AF69-FE30-16A427013BEC}.Debug|Any CPU.Build.0 = Debug|Any CPU
		{F8DBC232-CF56-AF69-FE30-16A427013BEC}.Release|Any CPU.ActiveCfg = Release|Any CPU
		{F8DBC232-CF56-AF69-FE30-16A427013BEC}.Release|Any CPU.Build.0 = Release|Any CPU
		{7CAF8967-0BA2-E14F-3746-997B9C07976D}.Debug|Any CPU.ActiveCfg = Debug|Any CPU
		{7CAF8967-0BA2-E14F-3746-997B9C07976D}.Debug|Any CPU.Build.0 = Debug|Any CPU
		{7CAF8967-0BA2-E14F-3746-997B9C07976D}.Release|Any CPU.ActiveCfg = Release|Any CPU
		{7CAF8967-0BA2-E14F-3746-997B9C07976D}.Release|Any CPU.Build.0 = Release|Any CPU
		{3BCAE46D-F585-26B0-E964-5C8FDE483482}.Debug|Any CPU.ActiveCfg = Debug|Any CPU
		{3BCAE46D-F585-26B0-E964-5C8FDE483482}.Debug|Any CPU.Build.0 = Debug|Any CPU
		{3BCAE46D-F585-26B0-E964-5C8FDE483482}.Release|Any CPU.ActiveCfg = Release|Any CPU
		{3BCAE46D-F585-26B0-E964-5C8FDE483482}.Release|Any CPU.Build.0 = Release|Any CPU
		{81F07628-A1B2-C4C0-4189-F99C1771FE30}.Debug|Any CPU.ActiveCfg = Debug|Any CPU
		{81F07628-A1B2-C4C0-4189-F99C1771FE30}.Debug|Any CPU.Build.0 = Debug|Any CPU
		{81F07628-A1B2-C4C0-4189-F99C1771FE30}.Release|Any CPU.ActiveCfg = Release|Any CPU
		{81F07628-A1B2-C4C0-4189-F99C1771FE30}.Release|Any CPU.Build.0 = Release|Any CPU
		{587BCDC6-4EF8-448D-169C-5940435B0847}.Debug|Any CPU.ActiveCfg = Debug|Any CPU
		{587BCDC6-4EF8-448D-169C-5940435B0847}.Debug|Any CPU.Build.0 = Debug|Any CPU
		{587BCDC6-4EF8-448D-169C-5940435B0847}.Release|Any CPU.ActiveCfg = Release|Any CPU
		{587BCDC6-4EF8-448D-169C-5940435B0847}.Release|Any CPU.Build.0 = Release|Any CPU
		{EA8F59E7-6271-2B36-4F79-6A86A1734C8E}.Debug|Any CPU.ActiveCfg = Debug|Any CPU
		{EA8F59E7-6271-2B36-4F79-6A86A1734C8E}.Debug|Any CPU.Build.0 = Debug|Any CPU
		{EA8F59E7-6271-2B36-4F79-6A86A1734C8E}.Release|Any CPU.ActiveCfg = Release|Any CPU
		{EA8F59E7-6271-2B36-4F79-6A86A1734C8E}.Release|Any CPU.Build.0 = Release|Any CPU
		{92986D87-2C5F-4767-5EE1-AA7C258D9B50}.Debug|Any CPU.ActiveCfg = Debug|Any CPU
		{92986D87-2C5F-4767-5EE1-AA7C258D9B50}.Debug|Any CPU.Build.0 = Debug|Any CPU
		{92986D87-2C5F-4767-5EE1-AA7C258D9B50}.Release|Any CPU.ActiveCfg = Release|Any CPU
		{92986D87-2C5F-4767-5EE1-AA7C258D9B50}.Release|Any CPU.Build.0 = Release|Any CPU
		{C4E1A3D7-9180-B0B2-5B92-67BFA748ADEF}.Debug|Any CPU.ActiveCfg = Debug|Any CPU
		{C4E1A3D7-9180-B0B2-5B92-67BFA748ADEF}.Debug|Any CPU.Build.0 = Debug|Any CPU
		{C4E1A3D7-9180-B0B2-5B92-67BFA748ADEF}.Release|Any CPU.ActiveCfg = Release|Any CPU
		{C4E1A3D7-9180-B0B2-5B92-67BFA748ADEF}.Release|Any CPU.Build.0 = Release|Any CPU
		{7C08E756-0990-282E-D9ED-5126A20E5EBF}.Debug|Any CPU.ActiveCfg = Debug|Any CPU
		{7C08E756-0990-282E-D9ED-5126A20E5EBF}.Debug|Any CPU.Build.0 = Debug|Any CPU
		{7C08E756-0990-282E-D9ED-5126A20E5EBF}.Release|Any CPU.ActiveCfg = Release|Any CPU
		{7C08E756-0990-282E-D9ED-5126A20E5EBF}.Release|Any CPU.Build.0 = Release|Any CPU
		{53E88BA5-0A7D-31BF-8C49-88D99E76B2C0}.Debug|Any CPU.ActiveCfg = Debug|Any CPU
		{53E88BA5-0A7D-31BF-8C49-88D99E76B2C0}.Debug|Any CPU.Build.0 = Debug|Any CPU
		{53E88BA5-0A7D-31BF-8C49-88D99E76B2C0}.Release|Any CPU.ActiveCfg = Release|Any CPU
		{53E88BA5-0A7D-31BF-8C49-88D99E76B2C0}.Release|Any CPU.Build.0 = Release|Any CPU
		{CE356DE3-01A0-8FAE-2073-E0AFA1CDBA9B}.Debug|Any CPU.ActiveCfg = Debug|Any CPU
		{CE356DE3-01A0-8FAE-2073-E0AFA1CDBA9B}.Debug|Any CPU.Build.0 = Debug|Any CPU
		{CE356DE3-01A0-8FAE-2073-E0AFA1CDBA9B}.Release|Any CPU.ActiveCfg = Release|Any CPU
		{CE356DE3-01A0-8FAE-2073-E0AFA1CDBA9B}.Release|Any CPU.Build.0 = Release|Any CPU
		{1D43B656-DDA2-C82F-B469-8FB632B22E09}.Debug|Any CPU.ActiveCfg = Debug|Any CPU
		{1D43B656-DDA2-C82F-B469-8FB632B22E09}.Debug|Any CPU.Build.0 = Debug|Any CPU
		{1D43B656-DDA2-C82F-B469-8FB632B22E09}.Release|Any CPU.ActiveCfg = Release|Any CPU
		{1D43B656-DDA2-C82F-B469-8FB632B22E09}.Release|Any CPU.Build.0 = Release|Any CPU
		{7B67CC7A-AF73-C589-8419-8599B29BCEC7}.Debug|Any CPU.ActiveCfg = Debug|Any CPU
		{7B67CC7A-AF73-C589-8419-8599B29BCEC7}.Debug|Any CPU.Build.0 = Debug|Any CPU
		{7B67CC7A-AF73-C589-8419-8599B29BCEC7}.Release|Any CPU.ActiveCfg = Release|Any CPU
		{7B67CC7A-AF73-C589-8419-8599B29BCEC7}.Release|Any CPU.Build.0 = Release|Any CPU
		{E8E60BD5-A2B8-C1C4-0639-497D597993CE}.Debug|Any CPU.ActiveCfg = Debug|Any CPU
		{E8E60BD5-A2B8-C1C4-0639-497D597993CE}.Debug|Any CPU.Build.0 = Debug|Any CPU
		{E8E60BD5-A2B8-C1C4-0639-497D597993CE}.Release|Any CPU.ActiveCfg = Release|Any CPU
		{E8E60BD5-A2B8-C1C4-0639-497D597993CE}.Release|Any CPU.Build.0 = Release|Any CPU
		{F9142018-34B7-6CA1-8B10-1CDB1B3C4345}.Debug|Any CPU.ActiveCfg = Debug|Any CPU
		{F9142018-34B7-6CA1-8B10-1CDB1B3C4345}.Debug|Any CPU.Build.0 = Debug|Any CPU
		{F9142018-34B7-6CA1-8B10-1CDB1B3C4345}.Release|Any CPU.ActiveCfg = Release|Any CPU
		{F9142018-34B7-6CA1-8B10-1CDB1B3C4345}.Release|Any CPU.Build.0 = Release|Any CPU
		{9CF4D3EC-78A4-50F5-7A0E-2F92D3DA2282}.Debug|Any CPU.ActiveCfg = Debug|Any CPU
		{9CF4D3EC-78A4-50F5-7A0E-2F92D3DA2282}.Debug|Any CPU.Build.0 = Debug|Any CPU
		{9CF4D3EC-78A4-50F5-7A0E-2F92D3DA2282}.Release|Any CPU.ActiveCfg = Release|Any CPU
		{9CF4D3EC-78A4-50F5-7A0E-2F92D3DA2282}.Release|Any CPU.Build.0 = Release|Any CPU
		{E1388F10-32CD-EC09-26DA-3191F634F48B}.Debug|Any CPU.ActiveCfg = Debug|Any CPU
		{E1388F10-32CD-EC09-26DA-3191F634F48B}.Debug|Any CPU.Build.0 = Debug|Any CPU
		{E1388F10-32CD-EC09-26DA-3191F634F48B}.Release|Any CPU.ActiveCfg = Release|Any CPU
		{E1388F10-32CD-EC09-26DA-3191F634F48B}.Release|Any CPU.Build.0 = Release|Any CPU
		{992EF556-DC9F-1A23-4721-3521632FA109}.Debug|Any CPU.ActiveCfg = Debug|Any CPU
		{992EF556-DC9F-1A23-4721-3521632FA109}.Debug|Any CPU.Build.0 = Debug|Any CPU
		{992EF556-DC9F-1A23-4721-3521632FA109}.Release|Any CPU.ActiveCfg = Release|Any CPU
		{992EF556-DC9F-1A23-4721-3521632FA109}.Release|Any CPU.Build.0 = Release|Any CPU
		{6882A8C5-1309-89CC-B00C-D8EF7B2580F9}.Debug|Any CPU.ActiveCfg = Debug|Any CPU
		{6882A8C5-1309-89CC-B00C-D8EF7B2580F9}.Debug|Any CPU.Build.0 = Debug|Any CPU
		{6882A8C5-1309-89CC-B00C-D8EF7B2580F9}.Release|Any CPU.ActiveCfg = Release|Any CPU
		{6882A8C5-1309-89CC-B00C-D8EF7B2580F9}.Release|Any CPU.Build.0 = Release|Any CPU
		{09914110-DFF6-DE61-93CA-5B51BFF01DE1}.Debug|Any CPU.ActiveCfg = Debug|Any CPU
		{09914110-DFF6-DE61-93CA-5B51BFF01DE1}.Debug|Any CPU.Build.0 = Debug|Any CPU
		{09914110-DFF6-DE61-93CA-5B51BFF01DE1}.Release|Any CPU.ActiveCfg = Release|Any CPU
		{09914110-DFF6-DE61-93CA-5B51BFF01DE1}.Release|Any CPU.Build.0 = Release|Any CPU
		{0D3AC0A8-2F06-07E7-182D-5A1BBBFC19F4}.Debug|Any CPU.ActiveCfg = Debug|Any CPU
		{0D3AC0A8-2F06-07E7-182D-5A1BBBFC19F4}.Debug|Any CPU.Build.0 = Debug|Any CPU
		{0D3AC0A8-2F06-07E7-182D-5A1BBBFC19F4}.Release|Any CPU.ActiveCfg = Release|Any CPU
		{0D3AC0A8-2F06-07E7-182D-5A1BBBFC19F4}.Release|Any CPU.Build.0 = Release|Any CPU
		{40067262-AF64-C8B3-7F89-C9843DFE352F}.Debug|Any CPU.ActiveCfg = Debug|Any CPU
		{40067262-AF64-C8B3-7F89-C9843DFE352F}.Debug|Any CPU.Build.0 = Debug|Any CPU
		{40067262-AF64-C8B3-7F89-C9843DFE352F}.Release|Any CPU.ActiveCfg = Release|Any CPU
		{40067262-AF64-C8B3-7F89-C9843DFE352F}.Release|Any CPU.Build.0 = Release|Any CPU
		{BE592E44-26E9-8B7A-0A55-5F45C2DA2873}.Debug|Any CPU.ActiveCfg = Debug|Any CPU
		{BE592E44-26E9-8B7A-0A55-5F45C2DA2873}.Debug|Any CPU.Build.0 = Debug|Any CPU
		{BE592E44-26E9-8B7A-0A55-5F45C2DA2873}.Release|Any CPU.ActiveCfg = Release|Any CPU
		{BE592E44-26E9-8B7A-0A55-5F45C2DA2873}.Release|Any CPU.Build.0 = Release|Any CPU
		{B7CCB1A7-139A-1A37-1822-C91A136860D9}.Debug|Any CPU.ActiveCfg = Debug|Any CPU
		{B7CCB1A7-139A-1A37-1822-C91A136860D9}.Debug|Any CPU.Build.0 = Debug|Any CPU
		{B7CCB1A7-139A-1A37-1822-C91A136860D9}.Release|Any CPU.ActiveCfg = Release|Any CPU
		{B7CCB1A7-139A-1A37-1822-C91A136860D9}.Release|Any CPU.Build.0 = Release|Any CPU
		{AC9355B0-05BA-A15C-5003-EBAD0B853B2C}.Debug|Any CPU.ActiveCfg = Debug|Any CPU
		{AC9355B0-05BA-A15C-5003-EBAD0B853B2C}.Debug|Any CPU.Build.0 = Debug|Any CPU
		{AC9355B0-05BA-A15C-5003-EBAD0B853B2C}.Release|Any CPU.ActiveCfg = Release|Any CPU
		{AC9355B0-05BA-A15C-5003-EBAD0B853B2C}.Release|Any CPU.Build.0 = Release|Any CPU
		{ECF6D891-0F6F-C7E1-E2B7-882A67F70DD7}.Debug|Any CPU.ActiveCfg = Debug|Any CPU
		{ECF6D891-0F6F-C7E1-E2B7-882A67F70DD7}.Debug|Any CPU.Build.0 = Debug|Any CPU
		{ECF6D891-0F6F-C7E1-E2B7-882A67F70DD7}.Release|Any CPU.ActiveCfg = Release|Any CPU
		{ECF6D891-0F6F-C7E1-E2B7-882A67F70DD7}.Release|Any CPU.Build.0 = Release|Any CPU
		{B5D1E584-452F-5A7B-F1E0-7C86F14DC5E1}.Debug|Any CPU.ActiveCfg = Debug|Any CPU
		{B5D1E584-452F-5A7B-F1E0-7C86F14DC5E1}.Debug|Any CPU.Build.0 = Debug|Any CPU
		{B5D1E584-452F-5A7B-F1E0-7C86F14DC5E1}.Release|Any CPU.ActiveCfg = Release|Any CPU
		{B5D1E584-452F-5A7B-F1E0-7C86F14DC5E1}.Release|Any CPU.Build.0 = Release|Any CPU
		{7D4D2A0F-F39E-EE13-047E-791CD714C52D}.Debug|Any CPU.ActiveCfg = Debug|Any CPU
		{7D4D2A0F-F39E-EE13-047E-791CD714C52D}.Debug|Any CPU.Build.0 = Debug|Any CPU
		{7D4D2A0F-F39E-EE13-047E-791CD714C52D}.Release|Any CPU.ActiveCfg = Release|Any CPU
		{7D4D2A0F-F39E-EE13-047E-791CD714C52D}.Release|Any CPU.Build.0 = Release|Any CPU
		{DE78BB1C-A343-2BBC-14AD-42051E128596}.Debug|Any CPU.ActiveCfg = Debug|Any CPU
		{DE78BB1C-A343-2BBC-14AD-42051E128596}.Debug|Any CPU.Build.0 = Debug|Any CPU
		{DE78BB1C-A343-2BBC-14AD-42051E128596}.Release|Any CPU.ActiveCfg = Release|Any CPU
		{DE78BB1C-A343-2BBC-14AD-42051E128596}.Release|Any CPU.Build.0 = Release|Any CPU
		{478507F0-3874-9E3F-BED6-707B226B03C7}.Debug|Any CPU.ActiveCfg = Debug|Any CPU
		{478507F0-3874-9E3F-BED6-707B226B03C7}.Debug|Any CPU.Build.0 = Debug|Any CPU
		{478507F0-3874-9E3F-BED6-707B226B03C7}.Release|Any CPU.ActiveCfg = Release|Any CPU
		{478507F0-3874-9E3F-BED6-707B226B03C7}.Release|Any CPU.Build.0 = Release|Any CPU
		{50062736-B967-846F-7ADB-58B9A28D90A9}.Debug|Any CPU.ActiveCfg = Debug|Any CPU
		{50062736-B967-846F-7ADB-58B9A28D90A9}.Debug|Any CPU.Build.0 = Debug|Any CPU
		{50062736-B967-846F-7ADB-58B9A28D90A9}.Release|Any CPU.ActiveCfg = Release|Any CPU
		{50062736-B967-846F-7ADB-58B9A28D90A9}.Release|Any CPU.Build.0 = Release|Any CPU
		{397F23F6-9539-EFEC-33E8-03CEEFCA56C4}.Debug|Any CPU.ActiveCfg = Debug|Any CPU
		{397F23F6-9539-EFEC-33E8-03CEEFCA56C4}.Debug|Any CPU.Build.0 = Debug|Any CPU
		{397F23F6-9539-EFEC-33E8-03CEEFCA56C4}.Release|Any CPU.ActiveCfg = Release|Any CPU
		{397F23F6-9539-EFEC-33E8-03CEEFCA56C4}.Release|Any CPU.Build.0 = Release|Any CPU
		{056242B5-8BA1-170E-5B87-F4E8BC56E248}.Debug|Any CPU.ActiveCfg = Debug|Any CPU
		{056242B5-8BA1-170E-5B87-F4E8BC56E248}.Debug|Any CPU.Build.0 = Debug|Any CPU
		{056242B5-8BA1-170E-5B87-F4E8BC56E248}.Release|Any CPU.ActiveCfg = Release|Any CPU
		{056242B5-8BA1-170E-5B87-F4E8BC56E248}.Release|Any CPU.Build.0 = Release|Any CPU
		{BF11B6DB-782E-64EE-4F62-676CD37FA316}.Debug|Any CPU.ActiveCfg = Debug|Any CPU
		{BF11B6DB-782E-64EE-4F62-676CD37FA316}.Debug|Any CPU.Build.0 = Debug|Any CPU
		{BF11B6DB-782E-64EE-4F62-676CD37FA316}.Release|Any CPU.ActiveCfg = Release|Any CPU
		{BF11B6DB-782E-64EE-4F62-676CD37FA316}.Release|Any CPU.Build.0 = Release|Any CPU
		{D6D90929-4372-75DA-4A36-D19A674BF9B5}.Debug|Any CPU.ActiveCfg = Debug|Any CPU
		{D6D90929-4372-75DA-4A36-D19A674BF9B5}.Debug|Any CPU.Build.0 = Debug|Any CPU
		{D6D90929-4372-75DA-4A36-D19A674BF9B5}.Release|Any CPU.ActiveCfg = Release|Any CPU
		{D6D90929-4372-75DA-4A36-D19A674BF9B5}.Release|Any CPU.Build.0 = Release|Any CPU
		{D1C39636-6A38-6951-3A7B-86927BDC02B6}.Debug|Any CPU.ActiveCfg = Debug|Any CPU
		{D1C39636-6A38-6951-3A7B-86927BDC02B6}.Debug|Any CPU.Build.0 = Debug|Any CPU
		{D1C39636-6A38-6951-3A7B-86927BDC02B6}.Release|Any CPU.ActiveCfg = Release|Any CPU
		{D1C39636-6A38-6951-3A7B-86927BDC02B6}.Release|Any CPU.Build.0 = Release|Any CPU
		{88F448AE-DED5-EE62-7D2E-366C58345D36}.Debug|Any CPU.ActiveCfg = Debug|Any CPU
		{88F448AE-DED5-EE62-7D2E-366C58345D36}.Debug|Any CPU.Build.0 = Debug|Any CPU
		{88F448AE-DED5-EE62-7D2E-366C58345D36}.Release|Any CPU.ActiveCfg = Release|Any CPU
		{88F448AE-DED5-EE62-7D2E-366C58345D36}.Release|Any CPU.Build.0 = Release|Any CPU
		{80D52535-6D69-5D8F-4C04-D7EC94119C10}.Debug|Any CPU.ActiveCfg = Debug|Any CPU
		{80D52535-6D69-5D8F-4C04-D7EC94119C10}.Debug|Any CPU.Build.0 = Debug|Any CPU
		{80D52535-6D69-5D8F-4C04-D7EC94119C10}.Release|Any CPU.ActiveCfg = Release|Any CPU
		{80D52535-6D69-5D8F-4C04-D7EC94119C10}.Release|Any CPU.Build.0 = Release|Any CPU
		{DC562995-A385-7209-8BAF-5FBD32682EBB}.Debug|Any CPU.ActiveCfg = Debug|Any CPU
		{DC562995-A385-7209-8BAF-5FBD32682EBB}.Debug|Any CPU.Build.0 = Debug|Any CPU
		{DC562995-A385-7209-8BAF-5FBD32682EBB}.Release|Any CPU.ActiveCfg = Release|Any CPU
		{DC562995-A385-7209-8BAF-5FBD32682EBB}.Release|Any CPU.Build.0 = Release|Any CPU
		{0DDD2B3B-0186-DDB9-DBBC-7C2AA5ADC7EA}.Debug|Any CPU.ActiveCfg = Debug|Any CPU
		{0DDD2B3B-0186-DDB9-DBBC-7C2AA5ADC7EA}.Debug|Any CPU.Build.0 = Debug|Any CPU
		{0DDD2B3B-0186-DDB9-DBBC-7C2AA5ADC7EA}.Release|Any CPU.ActiveCfg = Release|Any CPU
		{0DDD2B3B-0186-DDB9-DBBC-7C2AA5ADC7EA}.Release|Any CPU.Build.0 = Release|Any CPU
	EndGlobalSection
	GlobalSection(SolutionProperties) = preSolution
		HideSolutionNode = FALSE
	EndGlobalSection
EndGlobal
